{
  "name": "middy_layer",
  "lockfileVersion": 3,
  "requires": true,
  "packages": {
    "": {
      "dependencies": {
        "aws-sdk": "^2.1603.0",
        "middy": "^0.36.0"
      }
    },
    "node_modules/@types/aws-lambda": {
      "version": "8.10.137",
      "resolved": "https://globaldevtools.bbva.com/artifactory/api/npm/npm-repo/@types/aws-lambda/-/aws-lambda-8.10.137.tgz",
      "integrity": "sha1-yZmKlEVBr91t8NFZ6eycI9/l+0A="
    },
    "node_modules/@types/http-errors": {
      "version": "1.8.2",
      "resolved": "https://globaldevtools.bbva.com/artifactory/api/npm/npm-repo/@types/http-errors/-/http-errors-1.8.2.tgz",
      "integrity": "sha1-cxW0xMVPgtE/phwijsXC6lzJ4OE="
    },
    "node_modules/ajv": {
      "version": "6.12.6",
      "resolved": "https://globaldevtools.bbva.com/artifactory/api/npm/npm-repo/ajv/-/ajv-6.12.6.tgz",
      "integrity": "sha1-uvWmLoArB9l3A0WG+MO69a3ybfQ=",
      "dependencies": {
        "fast-deep-equal": "^3.1.1",
        "fast-json-stable-stringify": "^2.0.0",
        "json-schema-traverse": "^0.4.1",
        "uri-js": "^4.2.2"
      },
      "funding": {
        "type": "github",
        "url": "https://github.com/sponsors/epoberezkin"
      }
    },
    "node_modules/ajv-i18n": {
      "version": "3.6.0",
      "resolved": "https://globaldevtools.bbva.com/artifactory/api/npm/npm-repo/ajv-i18n/-/ajv-i18n-3.6.0.tgz",
      "integrity": "sha1-MhMTzkIbimVuOODNKHI5PKsMV84=",
      "peerDependencies": {
        "ajv": "^6.0.0"
      }
    },
    "node_modules/ajv-keywords": {
      "version": "3.5.2",
      "resolved": "https://globaldevtools.bbva.com/artifactory/api/npm/npm-repo/ajv-keywords/-/ajv-keywords-3.5.2.tgz",
      "integrity": "sha1-MfKdpatuANHC0yms97WSlhTVAU0=",
      "peerDependencies": {
        "ajv": "^6.9.1"
      }
    },
    "node_modules/available-typed-arrays": {
      "version": "1.0.7",
      "resolved": "https://globaldevtools.bbva.com/artifactory/api/npm/npm-repo/available-typed-arrays/-/available-typed-arrays-1.0.7.tgz",
      "integrity": "sha1-pcw3XWoDwu/IelU/PgsVIt7xSEY=",
      "dependencies": {
        "possible-typed-array-names": "^1.0.0"
      },
      "engines": {
        "node": ">= 0.4"
      },
      "funding": {
        "url": "https://github.com/sponsors/ljharb"
      }
    },
    "node_modules/aws-sdk": {
      "version": "2.1603.0",
      "resolved": "https://globaldevtools.bbva.com/artifactory/api/npm/npm-repo/aws-sdk/-/aws-sdk-2.1603.0.tgz",
      "integrity": "sha1-gf1+dlAtRqzwbHJqPcVHve6dPl4=",
      "hasInstallScript": true,
      "dependencies": {
        "buffer": "4.9.2",
        "events": "1.1.1",
        "ieee754": "1.1.13",
        "jmespath": "0.16.0",
        "querystring": "0.2.0",
        "sax": "1.2.1",
        "url": "0.10.3",
        "util": "^0.12.4",
        "uuid": "8.0.0",
        "xml2js": "0.6.2"
      },
      "engines": {
        "node": ">= 10.0.0"
      }
    },
    "node_modules/aws-sdk/node_modules/querystring": {
      "version": "0.2.0",
      "resolved": "https://globaldevtools.bbva.com/artifactory/api/npm/npm-repo/querystring/-/querystring-0.2.0.tgz",
      "integrity": "sha1-sgmEkgO7Jd+CDadW50cAWHhSFiA=",
      "deprecated": "The querystring API is considered Legacy. new code should use the URLSearchParams API instead.",
      "engines": {
        "node": ">=0.4.x"
      }
    },
    "node_modules/base64-js": {
      "version": "1.5.1",
      "resolved": "https://globaldevtools.bbva.com/artifactory/api/npm/npm-repo/base64-js/-/base64-js-1.5.1.tgz",
      "integrity": "sha1-GxtEAWClv3rUC2UPCVljSBkDkwo=",
      "funding": [
        {
          "type": "github",
          "url": "https://github.com/sponsors/feross"
        },
        {
          "type": "patreon",
          "url": "https://www.patreon.com/feross"
        },
        {
          "type": "consulting",
          "url": "https://feross.org/support"
        }
      ]
    },
    "node_modules/buffer": {
      "version": "4.9.2",
      "resolved": "https://globaldevtools.bbva.com/artifactory/api/npm/npm-repo/buffer/-/buffer-4.9.2.tgz",
      "integrity": "sha1-Iw6tNEACmIZEhBqwJEr4xEu+Pvg=",
      "dependencies": {
        "base64-js": "^1.0.2",
        "ieee754": "^1.1.4",
        "isarray": "^1.0.0"
      }
    },
    "node_modules/busboy": {
      "version": "0.3.1",
      "resolved": "https://globaldevtools.bbva.com/artifactory/api/npm/npm-repo/busboy/-/busboy-0.3.1.tgz",
      "integrity": "sha1-FwiZJ0xb84quJ9XGK3EmjNWF/Rs=",
      "dependencies": {
        "dicer": "0.3.0"
      },
      "engines": {
        "node": ">=4.5.0"
      }
    },
    "node_modules/call-bind": {
      "version": "1.0.7",
      "resolved": "https://globaldevtools.bbva.com/artifactory/api/npm/npm-repo/call-bind/-/call-bind-1.0.7.tgz",
      "integrity": "sha1-BgFlmcQMVkmMGHadJzC+JCtvo7k=",
      "dependencies": {
        "es-define-property": "^1.0.0",
        "es-errors": "^1.3.0",
        "function-bind": "^1.1.2",
        "get-intrinsic": "^1.2.4",
        "set-function-length": "^1.2.1"
      },
      "engines": {
        "node": ">= 0.4"
      },
      "funding": {
        "url": "https://github.com/sponsors/ljharb"
      }
    },
    "node_modules/content-type": {
      "version": "1.0.5",
      "resolved": "https://globaldevtools.bbva.com/artifactory/api/npm/npm-repo/content-type/-/content-type-1.0.5.tgz",
      "integrity": "sha1-i3cxYmVtHRCGeEyPI6VM5tc9eRg=",
      "engines": {
        "node": ">= 0.6"
      }
    },
    "node_modules/define-data-property": {
      "version": "1.1.4",
      "resolved": "https://globaldevtools.bbva.com/artifactory/api/npm/npm-repo/define-data-property/-/define-data-property-1.1.4.tgz",
      "integrity": "sha1-iU3BQbt9MGCuQ2b2oBB+aPvkjF4=",
      "dependencies": {
        "es-define-property": "^1.0.0",
        "es-errors": "^1.3.0",
        "gopd": "^1.0.1"
      },
      "engines": {
        "node": ">= 0.4"
      },
      "funding": {
        "url": "https://github.com/sponsors/ljharb"
      }
    },
    "node_modules/depd": {
      "version": "1.1.2",
      "resolved": "https://globaldevtools.bbva.com/artifactory/api/npm/npm-repo/depd/-/depd-1.1.2.tgz",
      "integrity": "sha1-m81S4UwJd2PnSbJ0xDRu0uVgtak=",
      "engines": {
        "node": ">= 0.6"
      }
    },
    "node_modules/dicer": {
      "version": "0.3.0",
      "resolved": "https://globaldevtools.bbva.com/artifactory/api/npm/npm-repo/dicer/-/dicer-0.3.0.tgz",
      "integrity": "sha1-6s2Ys7+/kuirXC/bcaqsRLsGuHI=",
      "dependencies": {
        "streamsearch": "0.1.2"
      },
      "engines": {
        "node": ">=4.5.0"
      }
    },
    "node_modules/es-define-property": {
      "version": "1.0.0",
      "resolved": "https://globaldevtools.bbva.com/artifactory/api/npm/npm-repo/es-define-property/-/es-define-property-1.0.0.tgz",
      "integrity": "sha1-x/rvvf+LJpbPX0aSHt+3fMS6OEU=",
      "dependencies": {
        "get-intrinsic": "^1.2.4"
      },
      "engines": {
        "node": ">= 0.4"
      }
    },
    "node_modules/es-errors": {
      "version": "1.3.0",
      "resolved": "https://globaldevtools.bbva.com/artifactory/api/npm/npm-repo/es-errors/-/es-errors-1.3.0.tgz",
      "integrity": "sha1-BfdaJdq5jk+x3NXhRywFRtUFfI8=",
      "engines": {
        "node": ">= 0.4"
      }
    },
    "node_modules/events": {
      "version": "1.1.1",
      "resolved": "https://globaldevtools.bbva.com/artifactory/api/npm/npm-repo/events/-/events-1.1.1.tgz",
      "integrity": "sha1-nr23Y1rQmccNzEwqH1AEKI6L2SQ=",
      "engines": {
        "node": ">=0.4.x"
      }
    },
    "node_modules/fast-deep-equal": {
      "version": "3.1.3",
      "resolved": "https://globaldevtools.bbva.com/artifactory/api/npm/npm-repo/fast-deep-equal/-/fast-deep-equal-3.1.3.tgz",
      "integrity": "sha1-On1WtVnWy8PrUSMlJE5hmmXGxSU="
    },
    "node_modules/fast-json-stable-stringify": {
      "version": "2.1.0",
      "resolved": "https://globaldevtools.bbva.com/artifactory/api/npm/npm-repo/fast-json-stable-stringify/-/fast-json-stable-stringify-2.1.0.tgz",
      "integrity": "sha1-h0v2nG9ATCtdmcSBNBOZ/VWJJjM="
    },
    "node_modules/for-each": {
      "version": "0.3.3",
      "resolved": "https://globaldevtools.bbva.com/artifactory/api/npm/npm-repo/for-each/-/for-each-0.3.3.tgz",
      "integrity": "sha1-abRH6IoKXTLD5whPPxcQA0shN24=",
      "dependencies": {
        "is-callable": "^1.1.3"
      }
    },
    "node_modules/function-bind": {
      "version": "1.1.2",
      "resolved": "https://globaldevtools.bbva.com/artifactory/api/npm/npm-repo/function-bind/-/function-bind-1.1.2.tgz",
      "integrity": "sha1-LALYZNl/PqbIgwxGTL0Rq26rehw=",
      "funding": {
        "url": "https://github.com/sponsors/ljharb"
      }
    },
    "node_modules/get-intrinsic": {
      "version": "1.2.4",
      "resolved": "https://globaldevtools.bbva.com/artifactory/api/npm/npm-repo/get-intrinsic/-/get-intrinsic-1.2.4.tgz",
      "integrity": "sha1-44X1pLUifUScPqu60FSU7wq76t0=",
      "dependencies": {
        "es-errors": "^1.3.0",
        "function-bind": "^1.1.2",
        "has-proto": "^1.0.1",
        "has-symbols": "^1.0.3",
        "hasown": "^2.0.0"
      },
      "engines": {
        "node": ">= 0.4"
      },
      "funding": {
        "url": "https://github.com/sponsors/ljharb"
      }
    },
    "node_modules/gopd": {
      "version": "1.0.1",
      "resolved": "https://globaldevtools.bbva.com/artifactory/api/npm/npm-repo/gopd/-/gopd-1.0.1.tgz",
      "integrity": "sha1-Kf923mnax0ibfAkYpXiOVkd8Myw=",
      "dependencies": {
        "get-intrinsic": "^1.1.3"
      },
      "funding": {
        "url": "https://github.com/sponsors/ljharb"
      }
    },
    "node_modules/has-property-descriptors": {
      "version": "1.0.2",
      "resolved": "https://globaldevtools.bbva.com/artifactory/api/npm/npm-repo/has-property-descriptors/-/has-property-descriptors-1.0.2.tgz",
      "integrity": "sha1-lj7X0HHce/XwhMW/vg0bYiJYaFQ=",
      "dependencies": {
        "es-define-property": "^1.0.0"
      },
      "funding": {
        "url": "https://github.com/sponsors/ljharb"
      }
    },
    "node_modules/has-proto": {
      "version": "1.0.3",
      "resolved": "https://globaldevtools.bbva.com/artifactory/api/npm/npm-repo/has-proto/-/has-proto-1.0.3.tgz",
      "integrity": "sha1-sx3f6bDm6ZFFNqarKGQm0CFPd/0=",
      "engines": {
        "node": ">= 0.4"
      },
      "funding": {
        "url": "https://github.com/sponsors/ljharb"
      }
    },
    "node_modules/has-symbols": {
      "version": "1.0.3",
      "resolved": "https://globaldevtools.bbva.com/artifactory/api/npm/npm-repo/has-symbols/-/has-symbols-1.0.3.tgz",
      "integrity": "sha1-u3ssQ0klHc6HsSX3vfh0qnyLOfg=",
      "engines": {
        "node": ">= 0.4"
      },
      "funding": {
        "url": "https://github.com/sponsors/ljharb"
      }
    },
    "node_modules/has-tostringtag": {
      "version": "1.0.2",
      "resolved": "https://globaldevtools.bbva.com/artifactory/api/npm/npm-repo/has-tostringtag/-/has-tostringtag-1.0.2.tgz",
      "integrity": "sha1-LNxC1AvvLltO6rfAGnPFTOerWrw=",
      "dependencies": {
        "has-symbols": "^1.0.3"
      },
      "engines": {
        "node": ">= 0.4"
      },
      "funding": {
        "url": "https://github.com/sponsors/ljharb"
      }
    },
    "node_modules/hasown": {
      "version": "2.0.2",
      "resolved": "https://globaldevtools.bbva.com/artifactory/api/npm/npm-repo/hasown/-/hasown-2.0.2.tgz",
      "integrity": "sha1-AD6vkb563DcuhOxZ3DclLO24AAM=",
      "dependencies": {
        "function-bind": "^1.1.2"
      },
      "engines": {
        "node": ">= 0.4"
      }
    },
    "node_modules/http-errors": {
      "version": "1.8.1",
      "resolved": "https://globaldevtools.bbva.com/artifactory/api/npm/npm-repo/http-errors/-/http-errors-1.8.1.tgz",
      "integrity": "sha1-fD8oV3y8iiBziEVdvWIpXtB71ow=",
      "dependencies": {
        "depd": "~1.1.2",
        "inherits": "2.0.4",
        "setprototypeof": "1.2.0",
        "statuses": ">= 1.5.0 < 2",
        "toidentifier": "1.0.1"
      },
      "engines": {
        "node": ">= 0.6"
      }
    },
    "node_modules/ieee754": {
      "version": "1.1.13",
      "resolved": "https://globaldevtools.bbva.com/artifactory/api/npm/npm-repo/ieee754/-/ieee754-1.1.13.tgz",
      "integrity": "sha1-7BaFWOlaoYH9h9N/VcMrvLZwi4Q="
    },
    "node_modules/inherits": {
      "version": "2.0.4",
      "resolved": "https://globaldevtools.bbva.com/artifactory/api/npm/npm-repo/inherits/-/inherits-2.0.4.tgz",
      "integrity": "sha1-D6LGT5MpF8NDOg3tVTY6rjdBa3w="
    },
    "node_modules/is-arguments": {
      "version": "1.1.1",
      "resolved": "https://globaldevtools.bbva.com/artifactory/api/npm/npm-repo/is-arguments/-/is-arguments-1.1.1.tgz",
      "integrity": "sha1-FbP4j9oB8ql/7ITKdhpWDxI++ps=",
      "dependencies": {
        "call-bind": "^1.0.2",
        "has-tostringtag": "^1.0.0"
      },
      "engines": {
        "node": ">= 0.4"
      },
      "funding": {
        "url": "https://github.com/sponsors/ljharb"
      }
    },
    "node_modules/is-callable": {
      "version": "1.2.7",
      "resolved": "https://globaldevtools.bbva.com/artifactory/api/npm/npm-repo/is-callable/-/is-callable-1.2.7.tgz",
      "integrity": "sha1-O8KoXqdC2eNiBdys3XLKH9xRsFU=",
      "engines": {
        "node": ">= 0.4"
      },
      "funding": {
        "url": "https://github.com/sponsors/ljharb"
      }
    },
    "node_modules/is-generator-function": {
      "version": "1.0.10",
      "resolved": "https://globaldevtools.bbva.com/artifactory/api/npm/npm-repo/is-generator-function/-/is-generator-function-1.0.10.tgz",
      "integrity": "sha1-8VWLrxrBfg3up8BBXEODUf8rPHI=",
      "dependencies": {
        "has-tostringtag": "^1.0.0"
      },
      "engines": {
        "node": ">= 0.4"
      },
      "funding": {
        "url": "https://github.com/sponsors/ljharb"
      }
    },
    "node_modules/is-typed-array": {
      "version": "1.1.13",
      "resolved": "https://globaldevtools.bbva.com/artifactory/api/npm/npm-repo/is-typed-array/-/is-typed-array-1.1.13.tgz",
      "integrity": "sha1-1sXKVt9iM0lZMi19fdHMpQ3r4ik=",
      "dependencies": {
        "which-typed-array": "^1.1.14"
      },
      "engines": {
        "node": ">= 0.4"
      },
      "funding": {
        "url": "https://github.com/sponsors/ljharb"
      }
    },
    "node_modules/isarray": {
      "version": "1.0.0",
      "resolved": "https://globaldevtools.bbva.com/artifactory/api/npm/npm-repo/isarray/-/isarray-1.0.0.tgz",
      "integrity": "sha1-u5NdSFgsuhaMBoNJV6VKPgcSTxE="
    },
    "node_modules/jmespath": {
      "version": "0.16.0",
      "resolved": "https://globaldevtools.bbva.com/artifactory/api/npm/npm-repo/jmespath/-/jmespath-0.16.0.tgz",
      "integrity": "sha1-sVsKhd/U2TDUPmntYFlDyAJ4UHY=",
      "engines": {
        "node": ">= 0.6.0"
      }
    },
    "node_modules/json-mask": {
      "version": "0.3.9",
      "resolved": "https://globaldevtools.bbva.com/artifactory/api/npm/npm-repo/json-mask/-/json-mask-0.3.9.tgz",
      "integrity": "sha1-w3crqknO2lbKNgpt1rR5yjwOMn8="
    },
    "node_modules/json-schema-traverse": {
      "version": "0.4.1",
      "resolved": "https://globaldevtools.bbva.com/artifactory/api/npm/npm-repo/json-schema-traverse/-/json-schema-traverse-0.4.1.tgz",
      "integrity": "sha1-afaofZUTq4u4/mO9sJecRI5oRmA="
    },
    "node_modules/middy": {
      "version": "0.36.0",
      "resolved": "https://globaldevtools.bbva.com/artifactory/api/npm/npm-repo/middy/-/middy-0.36.0.tgz",
      "integrity": "sha1-9fLkYbL3Jg5KrdDlP/TIKOn357o=",
      "dependencies": {
        "@types/aws-lambda": "^8.10.45",
        "@types/http-errors": "^1.6.3",
        "ajv": "^6.9.1",
        "ajv-i18n": "^3.4.0",
        "ajv-keywords": "^3.4.1",
        "busboy": "^0.3.1",
        "content-type": "^1.0.4",
        "http-errors": "^1.7.3",
        "json-mask": "^0.3.8",
        "negotiator": "^0.6.1",
        "once": "^1.4.0",
        "qs": "^6.6.0",
        "querystring": "^0.2.0"
      }
    },
    "node_modules/negotiator": {
      "version": "0.6.3",
      "resolved": "https://globaldevtools.bbva.com/artifactory/api/npm/npm-repo/negotiator/-/negotiator-0.6.3.tgz",
      "integrity": "sha1-WOMjpy/twNb5zU0x/kn1FHlZDM0=",
      "engines": {
        "node": ">= 0.6"
      }
    },
    "node_modules/object-inspect": {
      "version": "1.13.1",
      "resolved": "https://globaldevtools.bbva.com/artifactory/api/npm/npm-repo/object-inspect/-/object-inspect-1.13.1.tgz",
      "integrity": "sha1-uWxhCTJMz+9rEiFqlWyk3C/5S8I=",
      "funding": {
        "url": "https://github.com/sponsors/ljharb"
      }
    },
    "node_modules/once": {
      "version": "1.4.0",
      "resolved": "https://globaldevtools.bbva.com/artifactory/api/npm/npm-repo/once/-/once-1.4.0.tgz",
      "integrity": "sha1-WDsap3WWHUsROsF9nFC6753Xa9E=",
      "dependencies": {
        "wrappy": "1"
      }
    },
    "node_modules/possible-typed-array-names": {
      "version": "1.0.0",
      "resolved": "https://globaldevtools.bbva.com/artifactory/api/npm/npm-repo/possible-typed-array-names/-/possible-typed-array-names-1.0.0.tgz",
      "integrity": "sha1-ibtjxvraLD6QrcSmR77us5zHv48=",
      "engines": {
        "node": ">= 0.4"
      }
    },
    "node_modules/punycode": {
      "version": "2.3.1",
      "resolved": "https://globaldevtools.bbva.com/artifactory/api/npm/npm-repo/punycode/-/punycode-2.3.1.tgz",
      "integrity": "sha1-AnQi4vrsCyXhVJw+G9gwm5EztuU=",
      "engines": {
        "node": ">=6"
      }
    },
    "node_modules/qs": {
      "version": "6.12.1",
      "resolved": "https://globaldevtools.bbva.com/artifactory/api/npm/npm-repo/qs/-/qs-6.12.1.tgz",
      "integrity": "sha1-OUIhEcp8vbcEJVQcuiDH17IWWZo=",
      "dependencies": {
        "side-channel": "^1.0.6"
      },
      "engines": {
        "node": ">=0.6"
      },
      "funding": {
        "url": "https://github.com/sponsors/ljharb"
      }
    },
    "node_modules/querystring": {
      "version": "0.2.1",
      "resolved": "https://globaldevtools.bbva.com/artifactory/api/npm/npm-repo/querystring/-/querystring-0.2.1.tgz",
      "integrity": "sha1-QNd2FbsJ0WkCqFw+OKqLXtdhwt0=",
      "deprecated": "The querystring API is considered Legacy. new code should use the URLSearchParams API instead.",
      "engines": {
        "node": ">=0.4.x"
      }
    },
    "node_modules/sax": {
      "version": "1.2.1",
      "resolved": "https://globaldevtools.bbva.com/artifactory/api/npm/npm-repo/sax/-/sax-1.2.1.tgz",
      "integrity": "sha1-e45lYZCyKOgaZq6nSEgNgozS03o="
    },
    "node_modules/set-function-length": {
      "version": "1.2.2",
      "resolved": "https://globaldevtools.bbva.com/artifactory/api/npm/npm-repo/set-function-length/-/set-function-length-1.2.2.tgz",
      "integrity": "sha1-qscjFBmOrtl1z3eyw7a4gGleVEk=",
      "dependencies": {
        "define-data-property": "^1.1.4",
        "es-errors": "^1.3.0",
        "function-bind": "^1.1.2",
        "get-intrinsic": "^1.2.4",
        "gopd": "^1.0.1",
        "has-property-descriptors": "^1.0.2"
      },
      "engines": {
        "node": ">= 0.4"
      }
    },
    "node_modules/setprototypeof": {
      "version": "1.2.0",
      "resolved": "https://globaldevtools.bbva.com/artifactory/api/npm/npm-repo/setprototypeof/-/setprototypeof-1.2.0.tgz",
      "integrity": "sha1-ZsmiSnP5/CjL5msJ/tPTPcrxtCQ="
    },
    "node_modules/side-channel": {
      "version": "1.0.6",
      "resolved": "https://globaldevtools.bbva.com/artifactory/api/npm/npm-repo/side-channel/-/side-channel-1.0.6.tgz",
      "integrity": "sha1-q9Jft80kuvRUZkBrEJa3gxySFfI=",
      "dependencies": {
        "call-bind": "^1.0.7",
        "es-errors": "^1.3.0",
        "get-intrinsic": "^1.2.4",
        "object-inspect": "^1.13.1"
      },
      "engines": {
        "node": ">= 0.4"
      },
      "funding": {
        "url": "https://github.com/sponsors/ljharb"
      }
    },
    "node_modules/statuses": {
      "version": "1.5.0",
      "resolved": "https://globaldevtools.bbva.com/artifactory/api/npm/npm-repo/statuses/-/statuses-1.5.0.tgz",
      "integrity": "sha1-Fhx9rBd2Wf2YEfQ3cfqZOBR4Yow=",
      "engines": {
        "node": ">= 0.6"
      }
    },
    "node_modules/streamsearch": {
      "version": "0.1.2",
      "resolved": "https://globaldevtools.bbva.com/artifactory/api/npm/npm-repo/streamsearch/-/streamsearch-0.1.2.tgz",
      "integrity": "sha1-gIudDlb8Jz2Am6VzOOkpkZoanxo=",
      "engines": {
        "node": ">=0.8.0"
      }
    },
    "node_modules/toidentifier": {
      "version": "1.0.1",
      "resolved": "https://globaldevtools.bbva.com/artifactory/api/npm/npm-repo/toidentifier/-/toidentifier-1.0.1.tgz",
      "integrity": "sha1-O+NDIaiKgg7RvYDfqjPkefu43TU=",
      "engines": {
        "node": ">=0.6"
      }
    },
    "node_modules/uri-js": {
      "version": "4.4.1",
      "resolved": "https://globaldevtools.bbva.com/artifactory/api/npm/npm-repo/uri-js/-/uri-js-4.4.1.tgz",
      "integrity": "sha1-mxpSWVIlhZ5V9mnZKPiMbFfyp34=",
      "dependencies": {
        "punycode": "^2.1.0"
      }
    },
    "node_modules/url": {
      "version": "0.10.3",
      "resolved": "https://globaldevtools.bbva.com/artifactory/api/npm/npm-repo/url/-/url-0.10.3.tgz",
      "integrity": "sha1-Ah5NnHcF8hu/N9A861h2dAJ3TGQ=",
      "dependencies": {
        "punycode": "1.3.2",
        "querystring": "0.2.0"
      }
    },
    "node_modules/url/node_modules/punycode": {
      "version": "1.3.2",
      "resolved": "https://globaldevtools.bbva.com/artifactory/api/npm/npm-repo/punycode/-/punycode-1.3.2.tgz",
      "integrity": "sha1-llOgNvt8HuQjQvIyXM7v6jkmxI0="
    },
    "node_modules/url/node_modules/querystring": {
      "version": "0.2.0",
      "resolved": "https://globaldevtools.bbva.com/artifactory/api/npm/npm-repo/querystring/-/querystring-0.2.0.tgz",
      "integrity": "sha1-sgmEkgO7Jd+CDadW50cAWHhSFiA=",
      "deprecated": "The querystring API is considered Legacy. new code should use the URLSearchParams API instead.",
      "engines": {
        "node": ">=0.4.x"
      }
    },
    "node_modules/util": {
      "version": "0.12.5",
      "resolved": "https://globaldevtools.bbva.com/artifactory/api/npm/npm-repo/util/-/util-0.12.5.tgz",
      "integrity": "sha1-XxemBZtz22GodWaHgaHCsTa9b7w=",
      "dependencies": {
        "inherits": "^2.0.3",
        "is-arguments": "^1.0.4",
        "is-generator-function": "^1.0.7",
        "is-typed-array": "^1.1.3",
        "which-typed-array": "^1.1.2"
      }
    },
    "node_modules/uuid": {
      "version": "8.0.0",
      "resolved": "https://globaldevtools.bbva.com/artifactory/api/npm/npm-repo/uuid/-/uuid-8.0.0.tgz",
      "integrity": "sha1-vGzPkbX/CsB7vNvxx8ThUNtNu2w=",
      "bin": {
        "uuid": "dist/bin/uuid"
      }
    },
    "node_modules/which-typed-array": {
      "version": "1.1.15",
      "resolved": "https://globaldevtools.bbva.com/artifactory/api/npm/npm-repo/which-typed-array/-/which-typed-array-1.1.15.tgz",
      "integrity": "sha1-JkhZ6bEaZJs4i/qvT3Z98fd5s40=",
      "dependencies": {
        "available-typed-arrays": "^1.0.7",
        "call-bind": "^1.0.7",
        "for-each": "^0.3.3",
        "gopd": "^1.0.1",
        "has-tostringtag": "^1.0.2"
      },
      "engines": {
        "node": ">= 0.4"
      },
      "funding": {
        "url": "https://github.com/sponsors/ljharb"
      }
    },
    "node_modules/wrappy": {
      "version": "1.0.2",
      "resolved": "https://globaldevtools.bbva.com/artifactory/api/npm/npm-repo/wrappy/-/wrappy-1.0.2.tgz",
      "integrity": "sha1-tSQ9jz7BqjXxNkYFvA0QNuMKtp8="
    },
    "node_modules/xml2js": {
      "version": "0.6.2",
      "resolved": "https://globaldevtools.bbva.com/artifactory/api/npm/npm-repo/xml2js/-/xml2js-0.6.2.tgz",
      "integrity": "sha1-3QtjAIOqCcFh4lpNCQHisqkptJk=",
      "dependencies": {
        "sax": ">=0.6.0",
        "xmlbuilder": "~11.0.0"
      },
      "engines": {
        "node": ">=4.0.0"
      }
    },
    "node_modules/xmlbuilder": {
      "version": "11.0.1",
      "resolved": "https://globaldevtools.bbva.com/artifactory/api/npm/npm-repo/xmlbuilder/-/xmlbuilder-11.0.1.tgz",
      "integrity": "sha1-vpuuHIoEbnazESdyY0fQrXACvrM=",
      "engines": {
        "node": ">=4.0"
      }
    }
  }
}
